{
  "nodes": {
    "bootstrap": {
      "inputs": {
        "flake-utils": "flake-utils",
        "nixpkgs": [
          "nixpkgs"
        ]
      },
      "locked": {
        "lastModified": 1790454595,
        "narHash": "sha256-NiczjzDMgzZe5raeEA7dmXuoldokyFqve1M6QDpKAzQ=",
        "owner": "jrolfs",
        "repo": "bootstrap",
        "rev": "d5a308df1ca36ef0ddb3fbd025c79703d9fa3689",
        "type": "github"
      },
      "original": {
        "owner": "jrolfs",
        "repo": "bootstrap",
        "type": "github"
      }
    },
    "claude-sync": {
      "flake": false,
      "locked": {
        "lastModified": 1785067637,
        "narHash": "sha256-hsIski28Dr3k3+/0/+k6XySAeoQ6e5nTeLAGRtZ2kAQ=",
        "owner": "tawanorg",
        "repo": "claude-sync",
        "rev": "49420ef63fe0bbd5b06e64c7dec421f39c9de0c4",
        "type": "github"
      },
      "original": {
        "owner": "tawanorg",
        "repo": "claude-sync",
        "type": "github"
      }
    },
    "disko": {
      "inputs": {
        "nixpkgs": [
          "nixpkgs"
        ]
      },
      "locked": {
        "lastModified": 1789770686,
        "narHash": "sha256-uZkBR7yHdIKUFB5SZdfgh1qkGfI3XmYmI/lTiquxbck=",
        "owner": "nix-community",
        "repo": "disko",
        "rev": "725ea35e410ad83be4931d1bff7e090eacaf3563",
        "type": "github"
      },
      "original": {
        "owner": "nix-community",
        "repo": "disko",
        "type": "github"
      }
    },
    "flake-utils": {
      "inputs": {
        "systems": "systems"
      },
      "locked": {
        "lastModified": 1726560853,
        "narHash": "sha256-X6rJYSESBVr3hBoH0WbKE5KvhPU5bloyZ2L4K60/fPQ=",
        "owner": "numtide",
        "repo": "flake-utils",
        "rev": "c1dfcf08411b08f6b8615f7d8971a2bfa81d5e8a",
        "type": "github"
      },
      "original": {
        "owner": "numtide",
        "repo": "flake-utils",
        "type": "github"
      }
    },
    "glide": {
      "inputs": {
        "home-manager": [
          "home-manager"
        ],
        "nixpkgs": [
          "nixpkgs"
        ]
      },
      "locked": {
        "lastModified": 1788886164,
        "narHash": "sha256-F1wxjMtHxA8YL3TiaVb5wujuCiog/tGYguxTGOf7oLQ=",
        "owner": "glide-browser",
        "repo": "glide.nix",
        "rev": "90b69855767dfa25c81dcd437eac7206a8d13284",
        "type": "github"
      },
      "original": {
        "owner": "glide-browser",
        "repo": "glide.nix",
        "type": "github"
      }
    },
    "home-manager": {
      "inputs": {
        "nixpkgs": [
          "nixpkgs"
        ]
      },
      "locked": {
        "lastModified": 1790365885,
        "narHash": "sha256-iQ0ebhiVo64NktTnwft9hNxlFu4j5cvljVxyJaEVIP4=",
        "owner": "nix-community",
        "repo": "home-manager",
        "rev": "7b4c5ec4bedaf1e062bbc1bcaeddbc6bd242aa1b",
        "type": "github"
      },
      "original": {
        "owner": "nix-community",
        "repo": "home-manager",
        "type": "github"
      }
    },
    "kitty-grab": {
      "flake": false,
      "locked": {
        "lastModified": 1759138937,
        "narHash": "sha256-DamZpYkyVjxRKNtW5LTLX1OU47xgd/ayiimDorVSamE=",
        "owner": "yurikhan",
        "repo": "kitty_grab",
        "rev": "969e363295b48f62fdcbf29987c77ac222109c41",
        "type": "github"
      },
      "original": {
        "owner": "yurikhan",
        "repo": "kitty_grab",
        "type": "github"
      }
    },
    "kitty-gruvbox-material": {
      "flake": false,
      "locked": {
        "lastModified": 1696055465,
        "narHash": "sha256-XSPlvYM/NrDq7bfUUAMfaOojqf6gHiycyCtM49KQSBI=",
        "owner": "jrolfs",
        "repo": "gruvbox-material-kitty",
        "rev": "1dd10693532f1fccd43ef119eaf58d0c09140861",
        "type": "github"
      },
      "original": {
        "owner": "jrolfs",
        "repo": "gruvbox-material-kitty",
        "type": "github"
      }
    },
    "kitty-smart-scroll": {
      "flake": false,
      "locked": {
        "lastModified": 1641475108,
        "narHash": "sha256-QqNYi5s7VqOj0LBCaZKVHe65j75NBs3WYPdeGbYYXVo=",
        "owner": "yurikhan",
        "repo": "kitty-smart-scroll",
        "rev": "8aaa91b9f52527c3dbe395a79a90aea4a879857a",
        "type": "github"
      },
      "original": {
        "owner": "yurikhan",
        "repo": "kitty-smart-scroll",
        "type": "github"
      }
    },
    "neovim-config": {
      "flake": false,
      "locked": {
        "lastModified": 1790016878,
        "narHash": "sha256-dkeGLap1X8IvABzP81mlgxC59W7QlY/+V7tw/Jf1Mus=",
        "owner": "jrolfs",
        "repo": "neovim",
        "rev": "5c016acb7e73d9db83a3ac456ec431b58fb9478a",
        "type": "github"
      },
      "original": {
        "owner": "jrolfs",
        "repo": "neovim",
        "type": "github"
      }
    },
    "nix-darwin": {
      "inputs": {
        "nixpkgs": [
          "nixpkgs"
        ]
      },
      "locked": {
        "lastModified": 1786845137,
        "narHash": "sha256-oQFip+v0luP8NIxJzmiW4Wu8bILsbFWom5l0zonl8hQ=",
        "owner": "nix-darwin",
        "repo": "nix-darwin",
        "rev": "4cff07de74b50e64bdd68cd4e722ab5b6b35ee48",
        "type": "github"
      },
      "original": {
        "owner": "nix-darwin",
        "repo": "nix-darwin",
        "type": "github"
      }
    },
    "nixpkgs": {
      "locked": {
        "lastModified": 1790390834,
        "narHash": "sha256-StRyS/lFHtIw/UgJk+xo+HA66mtoWeDUbkJdvf2Byn4=",
        "owner": "NixOS",
        "repo": "nixpkgs",
        "rev": "d54020a6ac3211e9f4201631bdf67678818c0cdf",
        "type": "github"
      },
      "original": {
        "owner": "NixOS",
        "ref": "nixpkgs-unstable",
        "repo": "nixpkgs",
        "type": "github"
      }
    },
    "nixpkgs-master": {
      "locked": {
        "lastModified": 1790415561,
        "narHash": "sha256-KWzEvuR0FVlj2vRnrqjuDH4OEMvaFVWFCI+eIzRxDVI=",
        "owner": "NixOS",
        "repo": "nixpkgs",
        "rev": "434b8e48396c2e51ec501d21d329518ca9cb432a",
        "type": "github"
      },
      "original": {
        "owner": "NixOS",
        "repo": "nixpkgs",
        "type": "github"
      }
    },
    "root": {
      "inputs": {
        "bootstrap": "bootstrap",
        "claude-sync": "claude-sync",
        "disko": "disko",
        "glide": "glide",
        "home-manager": "home-manager",
        "kitty-grab": "kitty-grab",
        "kitty-gruvbox-material": "kitty-gruvbox-material",
        "kitty-smart-scroll": "kitty-smart-scroll",
        "neovim-config": "neovim-config",
        "nix-darwin": "nix-darwin",
        "nixpkgs": "nixpkgs",
        "nixpkgs-master": "nixpkgs-master",
        "spicetify-gruvbox-material": "spicetify-gruvbox-material",
        "tridactyl-gruvbox-material": "tridactyl-gruvbox-material",
        "zinit": "zinit",
        "zshcs": "zshcs"
      }
    },
    "spicetify-gruvbox-material": {
      "flake": false,
      "locked": {
        "lastModified": 1773150176,
        "narHash": "sha256-CoeklT1V6dCShV+5O4IdK2iiAe7RMKepDtPxl4TylAo=",
        "owner": "whiterqbbit",
        "repo": "spicetify-gruvbox-material",
        "rev": "9fdb4fcbee82cd3703490666054296374186206e",
        "type": "github"
      },
      "original": {
        "owner": "whiterqbbit",
        "repo": "spicetify-gruvbox-material",
        "type": "github"
      }
    },
    "systems": {
      "locked": {
        "lastModified": 1681028828,
        "narHash": "sha256-Vy1rq5AaRuLzOxct8nz4T6wlgyUR7zLU309k9mBC768=",
        "owner": "nix-systems",
        "repo": "default",
        "rev": "da67096a3b9bf56a91d16901293e51ba5b49a27e",
        "type": "github"
      },
      "original": {
        "owner": "nix-systems",
        "repo": "default",
        "type": "github"
      }
    },
    "tridactyl-gruvbox-material": {
      "flake": false,
      "locked": {
        "lastModified": 1773133221,
        "narHash": "sha256-5j9F+Cd2jQFbRkqiqOfLfHM3R6w9TN1HuuYPKQbsxBE=",
        "owner": "jrolfs",
        "repo": "gruvbox-material-tridactyl",
        "rev": "e13591ebc9b1c59b5942da027b9f34aedd6853c0",
        "type": "github"
      },
      "original": {
        "owner": "jrolfs",
        "repo": "gruvbox-material-tridactyl",
        "type": "github"
      }
    },
    "zinit": {
      "flake": false,
      "locked": {
        "lastModified": 1790411322,
        "narHash": "sha256-AeuqvAcPPbdzUvQ/XwgOm21Xgf3pDXszGuV7tvCFFAY=",
        "owner": "zdharma-continuum",
        "repo": "zinit",
        "rev": "c182cc5d0d72c960ab8320d48723e9169a46f1f2",
        "type": "github"
      },
      "original": {
        "owner": "zdharma-continuum",
        "repo": "zinit",
        "type": "github"
      }
    },
    "zshcs": {
      "flake": false,
      "locked": {
        "lastModified": 1790204073,
        "narHash": "sha256-NFvOEdhbLDABtFVqWHfuvgb8Ff7AV0/8MSfuM83FJIU=",
        "owner": "yuys13",
        "repo": "zshcs",
        "rev": "9dce8b406c847ac7dc0daa7c737953c40b85d003",
        "type": "github"
      },
      "original": {
        "owner": "yuys13",
        "repo": "zshcs",
        "type": "github"
      }
    }
  },
  "root": "root",
  "version": 7
}
