{
  "nodes": {
    "bootstrap": {
      "inputs": {
        "flake-utils": "flake-utils",
        "nixpkgs": [
          "nixpkgs"
        ]
      },
      "locked": {
        "lastModified": 1787135388,
        "narHash": "sha256-I4U+jCw3Ny1ZyYmK/8wFC+NEjP6JZiK57EseWwA/lgw=",
        "owner": "jrolfs",
        "repo": "bootstrap",
        "rev": "24283beecafcbfc09a890b6d3ffdac876168feb9",
        "type": "github"
      },
      "original": {
        "owner": "jrolfs",
        "ref": "flake-migration",
        "repo": "bootstrap",
        "type": "github"
      }
    },
    "flake-utils": {
      "inputs": {
        "systems": "systems"
      },
      "locked": {
        "lastModified": 1726560853,
        "narHash": "sha256-X6rJYSESBVr3hBoH0WbKE5KvhPU5bloyZ2L4K60/fPQ=",
        "owner": "numtide",
        "repo": "flake-utils",
        "rev": "c1dfcf08411b08f6b8615f7d8971a2bfa81d5e8a",
        "type": "github"
      },
      "original": {
        "owner": "numtide",
        "repo": "flake-utils",
        "type": "github"
      }
    },
    "home-manager": {
      "inputs": {
        "nixpkgs": [
          "nixpkgs"
        ]
      },
      "locked": {
        "lastModified": 1786501082,
        "narHash": "sha256-ROC70hdloiAY74yodpAgT0sP1dmYk+vchjYsrfmhfiM=",
        "owner": "nix-community",
        "repo": "home-manager",
        "rev": "99e84ee7387ff24cd112ff51f71c3465eb9cb770",
        "type": "github"
      },
      "original": {
        "owner": "nix-community",
        "repo": "home-manager",
        "type": "github"
      }
    },
    "kitty-gruvbox-material": {
      "flake": false,
      "locked": {
        "lastModified": 1696055465,
        "narHash": "sha256-XSPlvYM/NrDq7bfUUAMfaOojqf6gHiycyCtM49KQSBI=",
        "owner": "jrolfs",
        "repo": "gruvbox-material-kitty",
        "rev": "1dd10693532f1fccd43ef119eaf58d0c09140861",
        "type": "github"
      },
      "original": {
        "owner": "jrolfs",
        "repo": "gruvbox-material-kitty",
        "type": "github"
      }
    },
    "neovim-config": {
      "flake": false,
      "locked": {
        "lastModified": 1786514055,
        "narHash": "sha256-U/dtDLOg+crC122/qzzmjt0T3PqpDIYRvBHmnuuExIc=",
        "owner": "jrolfs",
        "repo": "neovim",
        "rev": "5172e9570d8d851284f979eb9fcbf3d9442b0383",
        "type": "github"
      },
      "original": {
        "owner": "jrolfs",
        "repo": "neovim",
        "type": "github"
      }
    },
    "nix-darwin": {
      "inputs": {
        "nixpkgs": [
          "nixpkgs"
        ]
      },
      "locked": {
        "lastModified": 1785389976,
        "narHash": "sha256-0tLW8Ff5yt8AH97jw4ZpFJ0OCJ122zIlgWGDmOfU/VU=",
        "owner": "nix-darwin",
        "repo": "nix-darwin",
        "rev": "15abb8c98f336cd8bd840d71059adebabe60bf04",
        "type": "github"
      },
      "original": {
        "owner": "nix-darwin",
        "repo": "nix-darwin",
        "type": "github"
      }
    },
    "nixpkgs": {
      "locked": {
        "lastModified": 1786348146,
        "narHash": "sha256-we5zDEFfn8TgzeWKjKDMIjeQZ59omEPl23NIF+13/ys=",
        "owner": "NixOS",
        "repo": "nixpkgs",
        "rev": "d482ef84049d9b7276b83a06e4e4d76983830097",
        "type": "github"
      },
      "original": {
        "owner": "NixOS",
        "ref": "nixpkgs-unstable",
        "repo": "nixpkgs",
        "type": "github"
      }
    },
    "nixpkgs-master": {
      "locked": {
        "lastModified": 1786515944,
        "narHash": "sha256-ucHEZN3kD+h/wjjvXrAcaw4uz5vAqtagP97cdVPSsf4=",
        "owner": "NixOS",
        "repo": "nixpkgs",
        "rev": "175db19cbb88411d36c2f67fd84fe85da24f0311",
        "type": "github"
      },
      "original": {
        "owner": "NixOS",
        "repo": "nixpkgs",
        "type": "github"
      }
    },
    "root": {
      "inputs": {
        "bootstrap": "bootstrap",
        "home-manager": "home-manager",
        "kitty-gruvbox-material": "kitty-gruvbox-material",
        "neovim-config": "neovim-config",
        "nix-darwin": "nix-darwin",
        "nixpkgs": "nixpkgs",
        "nixpkgs-master": "nixpkgs-master",
        "spicetify-gruvbox-material": "spicetify-gruvbox-material",
        "tridactyl-gruvbox-material": "tridactyl-gruvbox-material",
        "zinit": "zinit",
        "zshcs": "zshcs"
      }
    },
    "spicetify-gruvbox-material": {
      "flake": false,
      "locked": {
        "lastModified": 1773150176,
        "narHash": "sha256-CoeklT1V6dCShV+5O4IdK2iiAe7RMKepDtPxl4TylAo=",
        "owner": "whiterqbbit",
        "repo": "spicetify-gruvbox-material",
        "rev": "9fdb4fcbee82cd3703490666054296374186206e",
        "type": "github"
      },
      "original": {
        "owner": "whiterqbbit",
        "repo": "spicetify-gruvbox-material",
        "type": "github"
      }
    },
    "systems": {
      "locked": {
        "lastModified": 1681028828,
        "narHash": "sha256-Vy1rq5AaRuLzOxct8nz4T6wlgyUR7zLU309k9mBC768=",
        "owner": "nix-systems",
        "repo": "default",
        "rev": "da67096a3b9bf56a91d16901293e51ba5b49a27e",
        "type": "github"
      },
      "original": {
        "owner": "nix-systems",
        "repo": "default",
        "type": "github"
      }
    },
    "tridactyl-gruvbox-material": {
      "flake": false,
      "locked": {
        "lastModified": 1773133221,
        "narHash": "sha256-5j9F+Cd2jQFbRkqiqOfLfHM3R6w9TN1HuuYPKQbsxBE=",
        "owner": "jrolfs",
        "repo": "gruvbox-material-tridactyl",
        "rev": "e13591ebc9b1c59b5942da027b9f34aedd6853c0",
        "type": "github"
      },
      "original": {
        "owner": "jrolfs",
        "repo": "gruvbox-material-tridactyl",
        "type": "github"
      }
    },
    "zinit": {
      "flake": false,
      "locked": {
        "lastModified": 1774338742,
        "narHash": "sha256-wmNk0HIqwayU2ISbn6vzDetbM2TWmSn4CZzJNpR8E+s=",
        "owner": "zdharma-continuum",
        "repo": "zinit",
        "rev": "6c9ac1c4bc9bcaede64cb473759ac2c5b9187f98",
        "type": "github"
      },
      "original": {
        "owner": "zdharma-continuum",
        "repo": "zinit",
        "type": "github"
      }
    },
    "zshcs": {
      "flake": false,
      "locked": {
        "lastModified": 1785982532,
        "narHash": "sha256-bl0UewIQ+0xzkaXgAzD19ebB9WUFNnRmsN0upUm/s6c=",
        "owner": "yuys13",
        "repo": "zshcs",
        "rev": "19a9444895112740388d4aa4843af7512b4ac1c5",
        "type": "github"
      },
      "original": {
        "owner": "yuys13",
        "repo": "zshcs",
        "type": "github"
      }
    }
  },
  "root": "root",
  "version": 7
}
